{
  "name": "module-adventureCreator",
  "version": "0.0.1",
  "lockfileVersion": 1,
  "requires": true,
  "dependencies": {
    "canvg-browser": {
      "version": "1.0.0",
      "resolved": "https://registry.npmjs.org/canvg-browser/-/canvg-browser-1.0.0.tgz",
      "integrity": "sha1-xjy1qeegxwaYqch3g0c+YJFepIM=",
      "requires": {
        "rgbcolor": "0.0.4",
        "stackblur": "^1.0.0",
        "xmldom": "^0.1.22"
      }
    },
    "d3-dispatch": {
      "version": "1.0.3",
      "resolved": "https://registry.npmjs.org/d3-dispatch/-/d3-dispatch-1.0.3.tgz",
      "integrity": "sha1-RuFJHqqbWMNY/OW+TovtYm54cfg="
    },
    "d3-drag": {
      "version": "1.2.1",
      "resolved": "https://registry.npmjs.org/d3-drag/-/d3-drag-1.2.1.tgz",
      "integrity": "sha512-Cg8/K2rTtzxzrb0fmnYOUeZHvwa4PHzwXOLZZPwtEs2SKLLKLXeYwZKBB+DlOxUvFmarOnmt//cU4+3US2lyyQ==",
      "requires": {
        "d3-dispatch": "1",
        "d3-selection": "1"
      }
    },
    "d3-selection": {
      "version": "1.3.0",
      "resolved": "https://registry.npmjs.org/d3-selection/-/d3-selection-1.3.0.tgz",
      "integrity": "sha512-qgpUOg9tl5CirdqESUAu0t9MU/t3O9klYfGfyKsXEmhyxyzLpzpeh08gaxBUTQw1uXIOkr/30Ut2YRjSSxlmHA=="
    },
    "d3-timer": {
      "version": "1.0.7",
      "resolved": "https://registry.npmjs.org/d3-timer/-/d3-timer-1.0.7.tgz",
      "integrity": "sha512-vMZXR88XujmG/L5oB96NNKH5lCWwiLM/S2HyyAQLcjWJCloK5shxta4CwOFYLZoY3AWX73v8Lgv4cCAdWtRmOA=="
    },
    "draw2d": {
      "version": "1.0.18",
      "resolved": "https://registry.npmjs.org/draw2d/-/draw2d-1.0.18.tgz",
      "integrity": "sha512-GCBsePbIE4yRuk9urt4KcAzbI4GkgiRFR5Ix9NEJIsMMoFh9WdBSydxBJeOwUjZo9QcjXUwuPYDaRntoQhiSPQ==",
      "requires": {
        "canvg-browser": "1.0.0",
        "shifty": "2.3.1"
      }
    },
    "object-assign": {
      "version": "4.1.1",
      "resolved": "https://registry.npmjs.org/object-assign/-/object-assign-4.1.1.tgz",
      "integrity": "sha1-IQmtx5ZYh8/AXLvUQsrIv7s2CGM="
    },
    "rgbcolor": {
      "version": "0.0.4",
      "resolved": "https://registry.npmjs.org/rgbcolor/-/rgbcolor-0.0.4.tgz",
      "integrity": "sha1-ygRhWi0D62Hknyp18jmkb7d9ix0="
    },
    "shifty": {
      "version": "2.3.1",
      "resolved": "https://registry.npmjs.org/shifty/-/shifty-2.3.1.tgz",
      "integrity": "sha512-WBN+aCbg3prUBpUacdrfRuG5o5fgzcEi0wlXoUM3usrqrU0znL/RcWyhCXD86ieSZi0ASJYqjgzeEXvtz9vRYA==",
      "requires": {
        "object-assign": "^4.1.1"
      }
    },
    "stackblur": {
      "version": "1.0.0",
      "resolved": "https://registry.npmjs.org/stackblur/-/stackblur-1.0.0.tgz",
      "integrity": "sha1-tAen4FyTsI1miDu4CNfLo6UD8S8="
    },
    "webcola": {
      "version": "3.3.8",
      "resolved": "https://registry.npmjs.org/webcola/-/webcola-3.3.8.tgz",
      "integrity": "sha512-WVDTdHS1SaqYCUJGPdbOhqj44mchDyTC78tozUdqJllwYeJ2554+BWkJfc5kNphT8foip2StCMw1FWsIvGmv9w==",
      "requires": {
        "d3-dispatch": "^1.0.3",
        "d3-drag": "^1.0.4",
        "d3-timer": "^1.0.5"
      }
    },
    "xmldom": {
      "version": "0.1.27",
      "resolved": "https://registry.npmjs.org/xmldom/-/xmldom-0.1.27.tgz",
      "integrity": "sha1-1QH5ezvbQDr4757MIFcxh6rawOk="
    }
  }
}
